// !$*UTF8*$!
{
	archiveVersion = 1;
	classes = {
	};
	objectVersion = 46;
	objects = {

/* Begin PBXBuildFile section */
		DFA7351B1E0CA89D00BC3D21 /* AppDelegate.swift in Sources */ = {isa = PBXBuildFile; fileRef = DFA7351A1E0CA89D00BC3D21 /* AppDelegate.swift */; };
		DFA7351D1E0CA89D00BC3D21 /* ViewController.swift in Sources */ = {isa = PBXBuildFile; fileRef = DFA7351C1E0CA89D00BC3D21 /* ViewController.swift */; };
		DFA735201E0CA89D00BC3D21 /* Main.storyboard in Resources */ = {isa = PBXBuildFile; fileRef = DFA7351E1E0CA89D00BC3D21 /* Main.storyboard */; };
		DFA735221E0CA89D00BC3D21 /* Assets.xcassets in Resources */ = {isa = PBXBuildFile; fileRef = DFA735211E0CA89D00BC3D21 /* Assets.xcassets */; };
		DFA735251E0CA89D00BC3D21 /* LaunchScreen.storyboard in Resources */ = {isa = PBXBuildFile; fileRef = DFA735231E0CA89D00BC3D21 /* LaunchScreen.storyboard */; };
		DFA7352D1E0CA8B000BC3D21 /* media in Resources */ = {isa = PBXBuildFile; fileRef = DFA7352C1E0CA8B000BC3D21 /* media */; };
/* End PBXBuildFile section */

/* Begin PBXFileReference section */
		DFA735171E0CA89D00BC3D21 /* MusicPlayer.app */ = {isa = PBXFileReference; explicitFileType = wrapper.application; includeInIndex = 0; path = MusicPlayer.app; sourceTree = BUILT_PRODUCTS_DIR; };
		DFA7351A1E0CA89D00BC3D21 /* AppDelegate.swift */ = {isa = PBXFileReference; lastKnownFileType = sourcecode.swift; path = AppDelegate.swift; sourceTree = "<group>"; };
		DFA7351C1E0CA89D00BC3D21 /* ViewController.swift */ = {isa = PBXFileReference; lastKnownFileType = sourcecode.swift; path = ViewController.swift; sourceTree = "<group>"; };
		DFA7351F1E0CA89D00BC3D21 /* Base */ = {isa = PBXFileReference; lastKnownFileType = file.storyboard; name = Base; path = Base.lproj/Main.storyboard; sourceTree = "<group>"; };
		DFA735211E0CA89D00BC3D21 /* Assets.xcassets */ = {isa = PBXFileReference; lastKnownFileType = folder.assetcatalog; path = Assets.xcassets; sourceTree = "<group>"; };
		DFA735241E0CA89D00BC3D21 /* Base */ = {isa = PBXFileReference; lastKnownFileType = file.storyboard; name = Base; path = Base.lproj/LaunchScreen.storyboard; sourceTree = "<group>"; };
		DFA735261E0CA89D00BC3D21 /* Info.plist */ = {isa = PBXFileReference; lastKnownFileType = text.plist.xml; path = Info.plist; sourceTree = "<group>"; };
		DFA7352C1E0CA8B000BC3D21 /* media */ = {isa = PBXFileReference; lastKnownFileType = folder; path = media; sourceTree = "<group>"; };
/* End PBXFileReference section */

/* Begin PBXFrameworksBuildPhase section */
		DFA735141E0CA89C00BC3D21 /* Frameworks */ = {
			isa = PBXFrameworksBuildPhase;
			buildActionMask = 2147483647;
			files = (
			);
			runOnlyForDeploymentPostprocessing = 0;
		};
/* End PBXFrameworksBuildPhase section */

/* Begin PBXGroup section */
		DFA7350E1E0CA89C00BC3D21 = {
			isa = PBXGroup;
			children = (
				DFA735191E0CA89D00BC3D21 /* MusicPlayer */,
				DFA735181E0CA89D00BC3D21 /* Products */,
			);
			sourceTree = "<group>";
		};
		DFA735181E0CA89D00BC3D21 /* Products */ = {
			isa = PBXGroup;
			children = (
				DFA735171E0CA89D00BC3D21 /* MusicPlayer.app */,
			);
			name = Products;
			sourceTree = "<group>";
		};
		DFA735191E0CA89D00BC3D21 /* MusicPlayer */ = {
			isa = PBXGroup;
			children = (
				DFA7352C1E0CA8B000BC3D21 /* media */,
				DFA7351A1E0CA89D00BC3D21 /* AppDelegate.swift */,
				DFA7351C1E0CA89D00BC3D21 /* ViewController.swift */,
				DFA7351E1E0CA89D00BC3D21 /* Main.storyboard */,
				DFA735211E0CA89D00BC3D21 /* Assets.xcassets */,
				DFA735231E0CA89D00BC3D21 /* LaunchScreen.storyboard */,
				DFA735261E0CA89D00BC3D21 /* Info.plist */,
			);
			path = MusicPlayer;
			sourceTree = "<group>";
		};
/* End PBXGroup section */

/* Begin PBXNativeTarget section */
		DFA735161E0CA89C00BC3D21 /* MusicPlayer */ = {
			isa = PBXNativeTarget;
			buildConfigurationList = DFA735291E0CA89D00BC3D21 /* Build configuration list for PBXNativeTarget "MusicPlayer" */;
			buildPhases = (
				DFA735131E0CA89C00BC3D21 /* Sources */,
				DFA735141E0CA89C00BC3D21 /* Frameworks */,
				DFA735151E0CA89C00BC3D21 /* Resources */,
			);
			buildRules = (
			);
			dependencies = (
			);
			name = MusicPlayer;
			productName = MusicPlayer;
			productReference = DFA735171E0CA89D00BC3D21 /* MusicPlayer.app */;
			productType = "com.apple.product-type.application";
		};
/* End PBXNativeTarget section */

/* Begin PBXProject section */
		DFA7350F1E0CA89C00BC3D21 /* Project object */ = {
			isa = PBXProject;
			attributes = {
				LastSwiftUpdateCheck = 0820;
				LastUpgradeCheck = 0820;
				ORGANIZATIONNAME = "Guillermo Varela";
				TargetAttributes = {
					DFA735161E0CA89C00BC3D21 = {
						CreatedOnToolsVersion = 8.2.1;
						ProvisioningStyle = Automatic;
					};
				};
			};
			buildConfigurationList = DFA735121E0CA89C00BC3D21 /* Build configuration list for PBXProject "MusicPlayer" */;
			compatibilityVersion = "Xcode 3.2";
			developmentRegion = English;
			hasScannedForEncodings = 0;
			knownRegions = (
				en,
				Base,
			);
			mainGroup = DFA7350E1E0CA89C00BC3D21;
			productRefGroup = DFA735181E0CA89D00BC3D21 /* Products */;
			projectDirPath = "";
			projectRoot = "";
			targets = (
				DFA735161E0CA89C00BC3D21 /* MusicPlayer */,
			);
		};
/* End PBXProject section */

/* Begin PBXResourcesBuildPhase section */
		DFA735151E0CA89C00BC3D21 /* Resources */ = {
			isa = PBXResourcesBuildPhase;
			buildActionMask = 2147483647;
			files = (
				DFA735251E0CA89D00BC3D21 /* LaunchScreen.storyboard in Resources */,
				DFA7352D1E0CA8B000BC3D21 /* media in Resources */,
				DFA735221E0CA89D00BC3D21 /* Assets.xcassets in Resources */,
				DFA735201E0CA89D00BC3D21 /* Main.storyboard in Resources */,
			);
			runOnlyForDeploymentPostprocessing = 0;
		};
/* End PBXResourcesBuildPhase section */

/* Begin PBXSourcesBuildPhase section */
		DFA735131E0CA89C00BC3D21 /* Sources */ = {
			isa = PBXSourcesBuildPhase;
			buildActionMask = 2147483647;
			files = (
				DFA7351D1E0CA89D00BC3D21 /* ViewController.swift in Sources */,
				DFA7351B1E0CA89D00BC3D21 /* AppDelegate.swift in Sources */,
			);
			runOnlyForDeploymentPostprocessing = 0;
		};
/* End PBXSourcesBuildPhase section */

/* Begin PBXVariantGroup section */
		DFA7351E1E0CA89D00BC3D21 /* Main.storyboard */ = {
			isa = PBXVariantGroup;
			children = (
				DFA7351F1E0CA89D00BC3D21 /* Base */,
			);
			name = Main.storyboard;
			sourceTree = "<group>";
		};
		DFA735231E0CA89D00BC3D21 /* LaunchScreen.storyboard */ = {
			isa = PBXVariantGroup;
			children = (
				DFA735241E0CA89D00BC3D21 /* Base */,
			);
			name = LaunchScreen.storyboard;
			sourceTree = "<group>";
		};
/* End PBXVariantGroup section */

/* Begin XCBuildConfiguration section */
		DFA735271E0CA89D00BC3D21 /* Debug */ = {
			isa = XCBuildConfiguration;
			buildSettings = {
				ALWAYS_SEARCH_USER_PATHS = NO;
				CLANG_ANALYZER_NONNULL = YES;
				CLANG_CXX_LANGUAGE_STANDARD = "gnu++0x";
				CLANG_CXX_LIBRARY = "libc++";
				CLANG_ENABLE_MODULES = YES;
				CLANG_ENABLE_OBJC_ARC = YES;
				CLANG_WARN_BOOL_CONVERSION = YES;
				CLANG_WARN_CONSTANT_CONVERSION = YES;
				CLANG_WARN_DIRECT_OBJC_ISA_USAGE = YES_ERROR;
				CLANG_WARN_DOCUMENTATION_COMMENTS = YES;
				CLANG_WARN_EMPTY_BODY = YES;
				CLANG_WARN_ENUM_CONVERSION = YES;
				CLANG_WARN_INFINITE_RECURSION = YES;
				CLANG_WARN_INT_CONVERSION = YES;
				CLANG_WARN_OBJC_ROOT_CLASS = YES_ERROR;
				CLANG_WARN_SUSPICIOUS_MOVE = YES;
				CLANG_WARN_UNREACHABLE_CODE = YES;
				CLANG_WARN__DUPLICATE_METHOD_MATCH = YES;
				"CODE_SIGN_IDENTITY[sdk=iphoneos*]" = "iPhone Developer";
				COPY_PHASE_STRIP = NO;
				DEBUG_INFORMATION_FORMAT = dwarf;
				ENABLE_STRICT_OBJC_MSGSEND = YES;
				ENABLE_TESTABILITY = YES;
				GCC_C_LANGUAGE_STANDARD = gnu99;
				GCC_DYNAMIC_NO_PIC = NO;
				GCC_NO_COMMON_BLOCKS = YES;
				GCC_OPTIMIZATION_LEVEL = 0;
				GCC_PREPROCESSOR_DEFINITIONS = (
					"DEBUG=1",
					"$(inherited)",
				);
				GCC_WARN_64_TO_32_BIT_CONVERSION = YES;
				GCC_WARN_ABOUT_RETURN_TYPE = YES_ERROR;
				GCC_WARN_UNDECLARED_SELECTOR = YES;
				GCC_WARN_UNINITIALIZED_AUTOS = YES_AGGRESSIVE;
				GCC_WARN_UNUSED_FUNCTION = YES;
				GCC_WARN_UNUSED_VARIABLE = YES;
				IPHONEOS_DEPLOYMENT_TARGET = 10.2;
				MTL_ENABLE_DEBUG_INFO = YES;
				ONLY_ACTIVE_ARCH = YES;
				SDKROOT = iphoneos;
				SWIFT_ACTIVE_COMPILATION_CONDITIONS = DEBUG;
				SWIFT_OPTIMIZATION_LEVEL = "-Onone";
				TARGETED_DEVICE_FAMILY = "1,2";
			};
			name = Debug;
		};
		DFA735281E0CA89D00BC3D21 /* Release */ = {
			isa = XCBuildConfiguration;
			buildSettings = {
				ALWAYS_SEARCH_USER_PATHS = NO;
				CLANG_ANALYZER_NONNULL = YES;
				CLANG_CXX_LANGUAGE_STANDARD = "gnu++0x";
				CLANG_CXX_LIBRARY = "libc++";
				CLANG_ENABLE_MODULES = YES;
				CLANG_ENABLE_OBJC_ARC = YES;
				CLANG_WARN_BOOL_CONVERSION = YES;
				CLANG_WARN_CONSTANT_CONVERSION = YES;
				CLANG_WARN_DIRECT_OBJC_ISA_USAGE = YES_ERROR;
				CLANG_WARN_DOCUMENTATION_COMMENTS = YES;
				CLANG_WARN_EMPTY_BODY = YES;
				CLANG_WARN_ENUM_CONVERSION = YES;
				CLANG_WARN_INFINITE_RECURSION = YES;
				CLANG_WARN_INT_CONVERSION = YES;
				CLANG_WARN_OBJC_ROOT_CLASS = YES_ERROR;
				CLANG_WARN_SUSPICIOUS_MOVE = YES;
				CLANG_WARN_UNREACHABLE_CODE = YES;
				CLANG_WARN__DUPLICATE_METHOD_MATCH = YES;
				"CODE_SIGN_IDENTITY[sdk=iphoneos*]" = "iPhone Developer";
				COPY_PHASE_STRIP = NO;
				DEBUG_INFORMATION_FORMAT = "dwarf-with-dsym";
				ENABLE_NS_ASSERTIONS = NO;
				ENABLE_STRICT_OBJC_MSGSEND = YES;
				GCC_C_LANGUAGE_STANDARD = gnu99;
				GCC_NO_COMMON_BLOCKS = YES;
				GCC_WARN_64_TO_32_BIT_CONVERSION = YES;
				GCC_WARN_ABOUT_RETURN_TYPE = YES_ERROR;
				GCC_WARN_UNDECLARED_SELECTOR = YES;
				GCC_WARN_UNINITIALIZED_AUTOS = YES_AGGRESSIVE;
				GCC_WARN_UNUSED_FUNCTION = YES;
				GCC_WARN_UNUSED_VARIABLE = YES;
				IPHONEOS_DEPLOYMENT_TARGET = 10.2;
				MTL_ENABLE_DEBUG_INFO = NO;
				SDKROOT = iphoneos;
				SWIFT_OPTIMIZATION_LEVEL = "-Owholemodule";
				TARGETED_DEVICE_FAMILY = "1,2";
				VALIDATE_PRODUCT = YES;
			};
			name = Release;
		};
		DFA7352A1E0CA89D00BC3D21 /* Debug */ = {
			isa = XCBuildConfiguration;
			buildSettings = {
				ASSETCATALOG_COMPILER_APPICON_NAME = AppIcon;
				INFOPLIST_FILE = MusicPlayer/Info.plist;
				LD_RUNPATH_SEARCH_PATHS = "$(inherited) @executable_path/Frameworks";
				PRODUCT_BUNDLE_IDENTIFIER = "com.blogspot.nombre-temp.MusicPlayer";
				PRODUCT_NAME = "$(TARGET_NAME)";
				SWIFT_VERSION = 3.0;
			};
			name = Debug;
		};
		DFA7352B1E0CA89D00BC3D21 /* Release */ = {
			isa = XCBuildConfiguration;
			buildSettings = {
				ASSETCATALOG_COMPILER_APPICON_NAME = AppIcon;
				INFOPLIST_FILE = MusicPlayer/Info.plist;
				LD_RUNPATH_SEARCH_PATHS = "$(inherited) @executable_path/Frameworks";
				PRODUCT_BUNDLE_IDENTIFIER = "com.blogspot.nombre-temp.MusicPlayer";
				PRODUCT_NAME = "$(TARGET_NAME)";
				SWIFT_VERSION = 3.0;
			};
			name = Release;
		};
/* End XCBuildConfiguration section */

/* Begin XCConfigurationList section */
		DFA735121E0CA89C00BC3D21 /* Build configuration list for PBXProject "MusicPlayer" */ = {
			isa = XCConfigurationList;
			buildConfigurations = (
				DFA735271E0CA89D00BC3D21 /* Debug */,
				DFA735281E0CA89D00BC3D21 /* Release */,
			);
			defaultConfigurationIsVisible = 0;
			defaultConfigurationName = Release;
		};
		DFA735291E0CA89D00BC3D21 /* Build configuration list for PBXNativeTarget "MusicPlayer" */ = {
			isa = XCConfigurationList;
			buildConfigurations = (
				DFA7352A1E0CA89D00BC3D21 /* Debug */,
				DFA7352B1E0CA89D00BC3D21 /* Release */,
			);
			defaultConfigurationIsVisible = 0;
		};
/* End XCConfigurationList section */
	};
	rootObject = DFA7350F1E0CA89C00BC3D21 /* Project object */;
}
