// !$*UTF8*$!
{
	archiveVersion = 1;
	classes = {
	};
	objectVersion = 46;
	objects = {

/* Begin PBXBuildFile section */
		DF21615F1E0F632C009D9127 /* AppDelegate.swift in Sources */ = {isa = PBXBuildFile; fileRef = DF21615E1E0F632C009D9127 /* AppDelegate.swift */; };
		DF2161611E0F632C009D9127 /* ViewController.swift in Sources */ = {isa = PBXBuildFile; fileRef = DF2161601E0F632C009D9127 /* ViewController.swift */; };
		DF2161641E0F632C009D9127 /* Main.storyboard in Resources */ = {isa = PBXBuildFile; fileRef = DF2161621E0F632C009D9127 /* Main.storyboard */; };
		DF2161661E0F632C009D9127 /* Assets.xcassets in Resources */ = {isa = PBXBuildFile; fileRef = DF2161651E0F632C009D9127 /* Assets.xcassets */; };
		DF2161691E0F632C009D9127 /* LaunchScreen.storyboard in Resources */ = {isa = PBXBuildFile; fileRef = DF2161671E0F632C009D9127 /* LaunchScreen.storyboard */; };
/* End PBXBuildFile section */

/* Begin PBXFileReference section */
		DF21615B1E0F632C009D9127 /* MapRoute.app */ = {isa = PBXFileReference; explicitFileType = wrapper.application; includeInIndex = 0; path = MapRoute.app; sourceTree = BUILT_PRODUCTS_DIR; };
		DF21615E1E0F632C009D9127 /* AppDelegate.swift */ = {isa = PBXFileReference; lastKnownFileType = sourcecode.swift; path = AppDelegate.swift; sourceTree = "<group>"; };
		DF2161601E0F632C009D9127 /* ViewController.swift */ = {isa = PBXFileReference; lastKnownFileType = sourcecode.swift; path = ViewController.swift; sourceTree = "<group>"; };
		DF2161631E0F632C009D9127 /* Base */ = {isa = PBXFileReference; lastKnownFileType = file.storyboard; name = Base; path = Base.lproj/Main.storyboard; sourceTree = "<group>"; };
		DF2161651E0F632C009D9127 /* Assets.xcassets */ = {isa = PBXFileReference; lastKnownFileType = folder.assetcatalog; path = Assets.xcassets; sourceTree = "<group>"; };
		DF2161681E0F632C009D9127 /* Base */ = {isa = PBXFileReference; lastKnownFileType = file.storyboard; name = Base; path = Base.lproj/LaunchScreen.storyboard; sourceTree = "<group>"; };
		DF21616A1E0F632C009D9127 /* Info.plist */ = {isa = PBXFileReference; lastKnownFileType = text.plist.xml; path = Info.plist; sourceTree = "<group>"; };
/* End PBXFileReference section */

/* Begin PBXFrameworksBuildPhase section */
		DF2161581E0F632C009D9127 /* Frameworks */ = {
			isa = PBXFrameworksBuildPhase;
			buildActionMask = 2147483647;
			files = (
			);
			runOnlyForDeploymentPostprocessing = 0;
		};
/* End PBXFrameworksBuildPhase section */

/* Begin PBXGroup section */
		DF2161521E0F632C009D9127 = {
			isa = PBXGroup;
			children = (
				DF21615D1E0F632C009D9127 /* MapRoute */,
				DF21615C1E0F632C009D9127 /* Products */,
			);
			sourceTree = "<group>";
		};
		DF21615C1E0F632C009D9127 /* Products */ = {
			isa = PBXGroup;
			children = (
				DF21615B1E0F632C009D9127 /* MapRoute.app */,
			);
			name = Products;
			sourceTree = "<group>";
		};
		DF21615D1E0F632C009D9127 /* MapRoute */ = {
			isa = PBXGroup;
			children = (
				DF21615E1E0F632C009D9127 /* AppDelegate.swift */,
				DF2161601E0F632C009D9127 /* ViewController.swift */,
				DF2161621E0F632C009D9127 /* Main.storyboard */,
				DF2161651E0F632C009D9127 /* Assets.xcassets */,
				DF2161671E0F632C009D9127 /* LaunchScreen.storyboard */,
				DF21616A1E0F632C009D9127 /* Info.plist */,
			);
			path = MapRoute;
			sourceTree = "<group>";
		};
/* End PBXGroup section */

/* Begin PBXNativeTarget section */
		DF21615A1E0F632C009D9127 /* MapRoute */ = {
			isa = PBXNativeTarget;
			buildConfigurationList = DF21616D1E0F632C009D9127 /* Build configuration list for PBXNativeTarget "MapRoute" */;
			buildPhases = (
				DF2161571E0F632C009D9127 /* Sources */,
				DF2161581E0F632C009D9127 /* Frameworks */,
				DF2161591E0F632C009D9127 /* Resources */,
			);
			buildRules = (
			);
			dependencies = (
			);
			name = MapRoute;
			productName = MapRoute;
			productReference = DF21615B1E0F632C009D9127 /* MapRoute.app */;
			productType = "com.apple.product-type.application";
		};
/* End PBXNativeTarget section */

/* Begin PBXProject section */
		DF2161531E0F632C009D9127 /* Project object */ = {
			isa = PBXProject;
			attributes = {
				LastSwiftUpdateCheck = 0820;
				LastUpgradeCheck = 0820;
				ORGANIZATIONNAME = "Guillermo Varela";
				TargetAttributes = {
					DF21615A1E0F632C009D9127 = {
						CreatedOnToolsVersion = 8.2.1;
						ProvisioningStyle = Automatic;
					};
				};
			};
			buildConfigurationList = DF2161561E0F632C009D9127 /* Build configuration list for PBXProject "MapRoute" */;
			compatibilityVersion = "Xcode 3.2";
			developmentRegion = English;
			hasScannedForEncodings = 0;
			knownRegions = (
				en,
				Base,
			);
			mainGroup = DF2161521E0F632C009D9127;
			productRefGroup = DF21615C1E0F632C009D9127 /* Products */;
			projectDirPath = "";
			projectRoot = "";
			targets = (
				DF21615A1E0F632C009D9127 /* MapRoute */,
			);
		};
/* End PBXProject section */

/* Begin PBXResourcesBuildPhase section */
		DF2161591E0F632C009D9127 /* Resources */ = {
			isa = PBXResourcesBuildPhase;
			buildActionMask = 2147483647;
			files = (
				DF2161691E0F632C009D9127 /* LaunchScreen.storyboard in Resources */,
				DF2161661E0F632C009D9127 /* Assets.xcassets in Resources */,
				DF2161641E0F632C009D9127 /* Main.storyboard in Resources */,
			);
			runOnlyForDeploymentPostprocessing = 0;
		};
/* End PBXResourcesBuildPhase section */

/* Begin PBXSourcesBuildPhase section */
		DF2161571E0F632C009D9127 /* Sources */ = {
			isa = PBXSourcesBuildPhase;
			buildActionMask = 2147483647;
			files = (
				DF2161611E0F632C009D9127 /* ViewController.swift in Sources */,
				DF21615F1E0F632C009D9127 /* AppDelegate.swift in Sources */,
			);
			runOnlyForDeploymentPostprocessing = 0;
		};
/* End PBXSourcesBuildPhase section */

/* Begin PBXVariantGroup section */
		DF2161621E0F632C009D9127 /* Main.storyboard */ = {
			isa = PBXVariantGroup;
			children = (
				DF2161631E0F632C009D9127 /* Base */,
			);
			name = Main.storyboard;
			sourceTree = "<group>";
		};
		DF2161671E0F632C009D9127 /* LaunchScreen.storyboard */ = {
			isa = PBXVariantGroup;
			children = (
				DF2161681E0F632C009D9127 /* Base */,
			);
			name = LaunchScreen.storyboard;
			sourceTree = "<group>";
		};
/* End PBXVariantGroup section */

/* Begin XCBuildConfiguration section */
		DF21616B1E0F632C009D9127 /* Debug */ = {
			isa = XCBuildConfiguration;
			buildSettings = {
				ALWAYS_SEARCH_USER_PATHS = NO;
				CLANG_ANALYZER_NONNULL = YES;
				CLANG_CXX_LANGUAGE_STANDARD = "gnu++0x";
				CLANG_CXX_LIBRARY = "libc++";
				CLANG_ENABLE_MODULES = YES;
				CLANG_ENABLE_OBJC_ARC = YES;
				CLANG_WARN_BOOL_CONVERSION = YES;
				CLANG_WARN_CONSTANT_CONVERSION = YES;
				CLANG_WARN_DIRECT_OBJC_ISA_USAGE = YES_ERROR;
				CLANG_WARN_DOCUMENTATION_COMMENTS = YES;
				CLANG_WARN_EMPTY_BODY = YES;
				CLANG_WARN_ENUM_CONVERSION = YES;
				CLANG_WARN_INFINITE_RECURSION = YES;
				CLANG_WARN_INT_CONVERSION = YES;
				CLANG_WARN_OBJC_ROOT_CLASS = YES_ERROR;
				CLANG_WARN_SUSPICIOUS_MOVE = YES;
				CLANG_WARN_UNREACHABLE_CODE = YES;
				CLANG_WARN__DUPLICATE_METHOD_MATCH = YES;
				"CODE_SIGN_IDENTITY[sdk=iphoneos*]" = "iPhone Developer";
				COPY_PHASE_STRIP = NO;
				DEBUG_INFORMATION_FORMAT = dwarf;
				ENABLE_STRICT_OBJC_MSGSEND = YES;
				ENABLE_TESTABILITY = YES;
				GCC_C_LANGUAGE_STANDARD = gnu99;
				GCC_DYNAMIC_NO_PIC = NO;
				GCC_NO_COMMON_BLOCKS = YES;
				GCC_OPTIMIZATION_LEVEL = 0;
				GCC_PREPROCESSOR_DEFINITIONS = (
					"DEBUG=1",
					"$(inherited)",
				);
				GCC_WARN_64_TO_32_BIT_CONVERSION = YES;
				GCC_WARN_ABOUT_RETURN_TYPE = YES_ERROR;
				GCC_WARN_UNDECLARED_SELECTOR = YES;
				GCC_WARN_UNINITIALIZED_AUTOS = YES_AGGRESSIVE;
				GCC_WARN_UNUSED_FUNCTION = YES;
				GCC_WARN_UNUSED_VARIABLE = YES;
				IPHONEOS_DEPLOYMENT_TARGET = 10.2;
				MTL_ENABLE_DEBUG_INFO = YES;
				ONLY_ACTIVE_ARCH = YES;
				SDKROOT = iphoneos;
				SWIFT_ACTIVE_COMPILATION_CONDITIONS = DEBUG;
				SWIFT_OPTIMIZATION_LEVEL = "-Onone";
				TARGETED_DEVICE_FAMILY = "1,2";
			};
			name = Debug;
		};
		DF21616C1E0F632C009D9127 /* Release */ = {
			isa = XCBuildConfiguration;
			buildSettings = {
				ALWAYS_SEARCH_USER_PATHS = NO;
				CLANG_ANALYZER_NONNULL = YES;
				CLANG_CXX_LANGUAGE_STANDARD = "gnu++0x";
				CLANG_CXX_LIBRARY = "libc++";
				CLANG_ENABLE_MODULES = YES;
				CLANG_ENABLE_OBJC_ARC = YES;
				CLANG_WARN_BOOL_CONVERSION = YES;
				CLANG_WARN_CONSTANT_CONVERSION = YES;
				CLANG_WARN_DIRECT_OBJC_ISA_USAGE = YES_ERROR;
				CLANG_WARN_DOCUMENTATION_COMMENTS = YES;
				CLANG_WARN_EMPTY_BODY = YES;
				CLANG_WARN_ENUM_CONVERSION = YES;
				CLANG_WARN_INFINITE_RECURSION = YES;
				CLANG_WARN_INT_CONVERSION = YES;
				CLANG_WARN_OBJC_ROOT_CLASS = YES_ERROR;
				CLANG_WARN_SUSPICIOUS_MOVE = YES;
				CLANG_WARN_UNREACHABLE_CODE = YES;
				CLANG_WARN__DUPLICATE_METHOD_MATCH = YES;
				"CODE_SIGN_IDENTITY[sdk=iphoneos*]" = "iPhone Developer";
				COPY_PHASE_STRIP = NO;
				DEBUG_INFORMATION_FORMAT = "dwarf-with-dsym";
				ENABLE_NS_ASSERTIONS = NO;
				ENABLE_STRICT_OBJC_MSGSEND = YES;
				GCC_C_LANGUAGE_STANDARD = gnu99;
				GCC_NO_COMMON_BLOCKS = YES;
				GCC_WARN_64_TO_32_BIT_CONVERSION = YES;
				GCC_WARN_ABOUT_RETURN_TYPE = YES_ERROR;
				GCC_WARN_UNDECLARED_SELECTOR = YES;
				GCC_WARN_UNINITIALIZED_AUTOS = YES_AGGRESSIVE;
				GCC_WARN_UNUSED_FUNCTION = YES;
				GCC_WARN_UNUSED_VARIABLE = YES;
				IPHONEOS_DEPLOYMENT_TARGET = 10.2;
				MTL_ENABLE_DEBUG_INFO = NO;
				SDKROOT = iphoneos;
				SWIFT_OPTIMIZATION_LEVEL = "-Owholemodule";
				TARGETED_DEVICE_FAMILY = "1,2";
				VALIDATE_PRODUCT = YES;
			};
			name = Release;
		};
		DF21616E1E0F632C009D9127 /* Debug */ = {
			isa = XCBuildConfiguration;
			buildSettings = {
				ASSETCATALOG_COMPILER_APPICON_NAME = AppIcon;
				INFOPLIST_FILE = MapRoute/Info.plist;
				LD_RUNPATH_SEARCH_PATHS = "$(inherited) @executable_path/Frameworks";
				PRODUCT_BUNDLE_IDENTIFIER = "com.blogspot.nombre-temp.MapRoute";
				PRODUCT_NAME = "$(TARGET_NAME)";
				SWIFT_VERSION = 3.0;
			};
			name = Debug;
		};
		DF21616F1E0F632C009D9127 /* Release */ = {
			isa = XCBuildConfiguration;
			buildSettings = {
				ASSETCATALOG_COMPILER_APPICON_NAME = AppIcon;
				INFOPLIST_FILE = MapRoute/Info.plist;
				LD_RUNPATH_SEARCH_PATHS = "$(inherited) @executable_path/Frameworks";
				PRODUCT_BUNDLE_IDENTIFIER = "com.blogspot.nombre-temp.MapRoute";
				PRODUCT_NAME = "$(TARGET_NAME)";
				SWIFT_VERSION = 3.0;
			};
			name = Release;
		};
/* End XCBuildConfiguration section */

/* Begin XCConfigurationList section */
		DF2161561E0F632C009D9127 /* Build configuration list for PBXProject "MapRoute" */ = {
			isa = XCConfigurationList;
			buildConfigurations = (
				DF21616B1E0F632C009D9127 /* Debug */,
				DF21616C1E0F632C009D9127 /* Release */,
			);
			defaultConfigurationIsVisible = 0;
			defaultConfigurationName = Release;
		};
		DF21616D1E0F632C009D9127 /* Build configuration list for PBXNativeTarget "MapRoute" */ = {
			isa = XCConfigurationList;
			buildConfigurations = (
				DF21616E1E0F632C009D9127 /* Debug */,
				DF21616F1E0F632C009D9127 /* Release */,
			);
			defaultConfigurationIsVisible = 0;
			defaultConfigurationName = Release;
		};
/* End XCConfigurationList section */
	};
	rootObject = DF2161531E0F632C009D9127 /* Project object */;
}
